
Microsoft Visual Studio Solution File, Format Version 12.00
# Visual Studio 14
VisualStudioVersion = 14.0.23107.0
MinimumVisualStudioVersion = 10.0.40219.1
Project("{FAE04EC0-301F-11D3-BF4B-00C04F79EFBC}") = "ArtNet.ConsoleListener", "ArtNet.ConsoleListener\ArtNet.ConsoleListener.csproj", "{81C256C4-EDB2-443F-BB44-20B3E309C1DF}"
EndProject
Project("{FAE04EC0-301F-11D3-BF4B-00C04F79EFBC}") = "EventBus.Messaging", "EventBus.MessagingLegacy\EventBus.Messaging.csproj", "{0101504F-BB82-49A9-B589-67382ADFEDF4}"
EndProject
Project("{2150E333-8FDC-42A3-9474-1A3956D46DE8}") = "Plugins", "Plugins", "{F10B11BE-01D4-4952-8F50-9E742DC30D08}"
EndProject
Project("{FAE04EC0-301F-11D3-BF4B-00C04F79EFBC}") = "PluginHost", "PluginHost\PluginHost.csproj", "{978E94C3-3793-40D1-9982-A689BC748EA4}"
EndProject
Project("{FAE04EC0-301F-11D3-BF4B-00C04F79EFBC}") = "Plugins.Common", "Plugins.Common\Plugins.Common.csproj", "{23D14533-F3D9-4280-BFF1-DEDDFEA1CA60}"
EndProject
Project("{FAE04EC0-301F-11D3-BF4B-00C04F79EFBC}") = "ArtNetPlugin", "ArtNet\ArtNetPlugin.csproj", "{FE9B889F-10FE-482B-A262-17171820C81C}"
EndProject
Project("{8BB2217D-0F2D-49D1-97BC-3654ED321F3B}") = "WebFrontend", "WebFrontend\WebFrontend.xproj", "{5CCA671D-0445-4674-A0C2-ED79845EE2C5}"
EndProject
Project("{FAE04EC0-301F-11D3-BF4B-00C04F79EFBC}") = "EventBus", "EventBus\EventBus.csproj", "{61CAA50A-9E5B-4716-A283-7BE7F2B9994B}"
EndProject
Project("{FAE04EC0-301F-11D3-BF4B-00C04F79EFBC}") = "FixtureRegisterPlugin", "FixtureRegister\FixtureRegisterPlugin.csproj", "{60A74019-C161-496D-8D31-4891854B4A31}"
EndProject
Global
	GlobalSection(SolutionConfigurationPlatforms) = preSolution
		Debug|Any CPU = Debug|Any CPU
		Release|Any CPU = Release|Any CPU
	EndGlobalSection
	GlobalSection(ProjectConfigurationPlatforms) = postSolution
		{81C256C4-EDB2-443F-BB44-20B3E309C1DF}.Debug|Any CPU.ActiveCfg = Debug|Any CPU
		{81C256C4-EDB2-443F-BB44-20B3E309C1DF}.Debug|Any CPU.Build.0 = Debug|Any CPU
		{81C256C4-EDB2-443F-BB44-20B3E309C1DF}.Release|Any CPU.ActiveCfg = Release|Any CPU
		{81C256C4-EDB2-443F-BB44-20B3E309C1DF}.Release|Any CPU.Build.0 = Release|Any CPU
		{0101504F-BB82-49A9-B589-67382ADFEDF4}.Debug|Any CPU.ActiveCfg = Debug|Any CPU
		{0101504F-BB82-49A9-B589-67382ADFEDF4}.Debug|Any CPU.Build.0 = Debug|Any CPU
		{0101504F-BB82-49A9-B589-67382ADFEDF4}.Release|Any CPU.ActiveCfg = Release|Any CPU
		{0101504F-BB82-49A9-B589-67382ADFEDF4}.Release|Any CPU.Build.0 = Release|Any CPU
		{978E94C3-3793-40D1-9982-A689BC748EA4}.Debug|Any CPU.ActiveCfg = Debug|Any CPU
		{978E94C3-3793-40D1-9982-A689BC748EA4}.Debug|Any CPU.Build.0 = Debug|Any CPU
		{978E94C3-3793-40D1-9982-A689BC748EA4}.Release|Any CPU.ActiveCfg = Release|Any CPU
		{978E94C3-3793-40D1-9982-A689BC748EA4}.Release|Any CPU.Build.0 = Release|Any CPU
		{23D14533-F3D9-4280-BFF1-DEDDFEA1CA60}.Debug|Any CPU.ActiveCfg = Debug|Any CPU
		{23D14533-F3D9-4280-BFF1-DEDDFEA1CA60}.Debug|Any CPU.Build.0 = Debug|Any CPU
		{23D14533-F3D9-4280-BFF1-DEDDFEA1CA60}.Release|Any CPU.ActiveCfg = Release|Any CPU
		{23D14533-F3D9-4280-BFF1-DEDDFEA1CA60}.Release|Any CPU.Build.0 = Release|Any CPU
		{FE9B889F-10FE-482B-A262-17171820C81C}.Debug|Any CPU.ActiveCfg = Debug|Any CPU
		{FE9B889F-10FE-482B-A262-17171820C81C}.Debug|Any CPU.Build.0 = Debug|Any CPU
		{FE9B889F-10FE-482B-A262-17171820C81C}.Release|Any CPU.ActiveCfg = Release|Any CPU
		{FE9B889F-10FE-482B-A262-17171820C81C}.Release|Any CPU.Build.0 = Release|Any CPU
		{5CCA671D-0445-4674-A0C2-ED79845EE2C5}.Debug|Any CPU.ActiveCfg = Debug|Any CPU
		{5CCA671D-0445-4674-A0C2-ED79845EE2C5}.Debug|Any CPU.Build.0 = Debug|Any CPU
		{5CCA671D-0445-4674-A0C2-ED79845EE2C5}.Release|Any CPU.ActiveCfg = Release|Any CPU
		{5CCA671D-0445-4674-A0C2-ED79845EE2C5}.Release|Any CPU.Build.0 = Release|Any CPU
		{61CAA50A-9E5B-4716-A283-7BE7F2B9994B}.Debug|Any CPU.ActiveCfg = Debug|Any CPU
		{61CAA50A-9E5B-4716-A283-7BE7F2B9994B}.Debug|Any CPU.Build.0 = Debug|Any CPU
		{61CAA50A-9E5B-4716-A283-7BE7F2B9994B}.Release|Any CPU.ActiveCfg = Release|Any CPU
		{61CAA50A-9E5B-4716-A283-7BE7F2B9994B}.Release|Any CPU.Build.0 = Release|Any CPU
		{60A74019-C161-496D-8D31-4891854B4A31}.Debug|Any CPU.ActiveCfg = Debug|Any CPU
		{60A74019-C161-496D-8D31-4891854B4A31}.Debug|Any CPU.Build.0 = Debug|Any CPU
		{60A74019-C161-496D-8D31-4891854B4A31}.Release|Any CPU.ActiveCfg = Release|Any CPU
		{60A74019-C161-496D-8D31-4891854B4A31}.Release|Any CPU.Build.0 = Release|Any CPU
	EndGlobalSection
	GlobalSection(SolutionProperties) = preSolution
		HideSolutionNode = FALSE
	EndGlobalSection
	GlobalSection(NestedProjects) = preSolution
		{23D14533-F3D9-4280-BFF1-DEDDFEA1CA60} = {F10B11BE-01D4-4952-8F50-9E742DC30D08}
		{FE9B889F-10FE-482B-A262-17171820C81C} = {F10B11BE-01D4-4952-8F50-9E742DC30D08}
		{60A74019-C161-496D-8D31-4891854B4A31} = {F10B11BE-01D4-4952-8F50-9E742DC30D08}
	EndGlobalSection
EndGlobal
